
Microsoft Visual Studio Solution File, Format Version 12.00
# Visual Studio Version 17
VisualStudioVersion = 17.6.33829.357
MinimumVisualStudioVersion = 10.0.40219.1
Project("{9A19103F-16F7-4668-BE54-9A1E7A4F7556}") = "Hebron", "..\..\Hebron\src\Hebron\Hebron.csproj", "{3577D4B5-0891-4A68-98CF-B21308589828}"
EndProject
Project("{FAE04EC0-301F-11D3-BF4B-00C04F79EFBC}") = "MikkTSpaceSharp.Generator", "MikkTSpaceSharp.Generator\MikkTSpaceSharp.Generator.csproj", "{26399290-8598-292C-082F-16BE3C9C0510}"
EndProject
Global
	GlobalSection(SolutionConfigurationPlatforms) = preSolution
		Debug|Any CPU = Debug|Any CPU
		Release|Any CPU = Release|Any CPU
	EndGlobalSection
	GlobalSection(ProjectConfigurationPlatforms) = postSolution
		{3577D4B5-0891-4A68-98CF-B21308589828}.Debug|Any CPU.ActiveCfg = Debug|Any CPU
		{3577D4B5-0891-4A68-98CF-B21308589828}.Debug|Any CPU.Build.0 = Debug|Any CPU
		{3577D4B5-0891-4A68-98CF-B21308589828}.Release|Any CPU.ActiveCfg = Release|Any CPU
		{3577D4B5-0891-4A68-98CF-B21308589828}.Release|Any CPU.Build.0 = Release|Any CPU
		{26399290-8598-292C-082F-16BE3C9C0510}.Debug|Any CPU.ActiveCfg = Debug|Any CPU
		{26399290-8598-292C-082F-16BE3C9C0510}.Debug|Any CPU.Build.0 = Debug|Any CPU
		{26399290-8598-292C-082F-16BE3C9C0510}.Release|Any CPU.ActiveCfg = Release|Any CPU
		{26399290-8598-292C-082F-16BE3C9C0510}.Release|Any CPU.Build.0 = Release|Any CPU
	EndGlobalSection
	GlobalSection(SolutionProperties) = preSolution
		HideSolutionNode = FALSE
	EndGlobalSection
	GlobalSection(ExtensibilityGlobals) = postSolution
		SolutionGuid = {ACF4E34C-5E6B-44ED-AA80-A1C43BA55B85}
	EndGlobalSection
EndGlobal
